{
  "sources": {
    "my_cookbook": {
      "path": "."
    },
    "build-essential": {
      "locked_version": "1.4.4"
    },
    "apache2": {
      "locked_version": "1.9.6"
    },
    "iptables": {
      "locked_version": "0.12.0"
    },
    "logrotate": {
      "locked_version": "1.5.0"
    },
    "pacman": {
      "locked_version": "1.1.1"
    },
    "chef-client": {
      "locked_version": "3.3.3"
    },
    "cron": {
      "locked_version": "1.3.0"
    },
    "apt": {
      "locked_version": "2.3.8"
    },
    "ntp": {
      "locked_version": "1.6.0"
    }
  }
}
